// !$*UTF8*$!
{
	archiveVersion = 1;
	classes = {
	};
	objectVersion = 56;
	objects = {

/* Begin PBXBuildFile section */
		290610232C1C910800A5B701 /* DateExtension.swift in Sources */ = {isa = PBXBuildFile; fileRef = 290610222C1C910800A5B701 /* DateExtension.swift */; };
		293C6B122A95128500A63324 /* DayCounterApp.swift in Sources */ = {isa = PBXBuildFile; fileRef = 293C6B112A95128500A63324 /* DayCounterApp.swift */; };
		293C6B142A95128500A63324 /* ContentView.swift in Sources */ = {isa = PBXBuildFile; fileRef = 293C6B132A95128500A63324 /* ContentView.swift */; };
		293C6B162A95128600A63324 /* Assets.xcassets in Resources */ = {isa = PBXBuildFile; fileRef = 293C6B152A95128600A63324 /* Assets.xcassets */; };
		293C6B202A9512D700A63324 /* README.md in Resources */ = {isa = PBXBuildFile; fileRef = 293C6B1F2A9512D700A63324 /* README.md */; };
		293C6B232A9515DB00A63324 /* Haptic.swift in Sources */ = {isa = PBXBuildFile; fileRef = 293C6B222A9515DB00A63324 /* Haptic.swift */; };
		293C6B262A9516D200A63324 /* EventModel.swift in Sources */ = {isa = PBXBuildFile; fileRef = 293C6B252A9516D200A63324 /* EventModel.swift */; };
		293C6B292A9517B200A63324 /* OnboardingView.swift in Sources */ = {isa = PBXBuildFile; fileRef = 293C6B282A9517B200A63324 /* OnboardingView.swift */; };
		293C6B2C2A9517E900A63324 /* StartButton.swift in Sources */ = {isa = PBXBuildFile; fileRef = 293C6B2B2A9517E900A63324 /* StartButton.swift */; };
		293C6B322A951B9600A63324 /* EventListView.swift in Sources */ = {isa = PBXBuildFile; fileRef = 293C6B312A951B9600A63324 /* EventListView.swift */; };
		293C6B342A951BEF00A63324 /* AddEventView.swift in Sources */ = {isa = PBXBuildFile; fileRef = 293C6B332A951BEF00A63324 /* AddEventView.swift */; };
		293C6B362A951C4B00A63324 /* EditEventView.swift in Sources */ = {isa = PBXBuildFile; fileRef = 293C6B352A951C4B00A63324 /* EditEventView.swift */; };
		293C6B382A951C9800A63324 /* EventCard.swift in Sources */ = {isa = PBXBuildFile; fileRef = 293C6B372A951C9800A63324 /* EventCard.swift */; };
		2946849E2B56F458003DDF79 /* Font+Extension.swift in Sources */ = {isa = PBXBuildFile; fileRef = 2946849D2B56F458003DDF79 /* Font+Extension.swift */; };
		294684A02B56F653003DDF79 /* TossFaceFontMac.ttf in Resources */ = {isa = PBXBuildFile; fileRef = 2946849F2B56F5A4003DDF79 /* TossFaceFontMac.ttf */; };
		29560A2F2B491BC600218982 /* .swiftlint.yml in Resources */ = {isa = PBXBuildFile; fileRef = 29560A2E2B491BC600218982 /* .swiftlint.yml */; };
		295757982BE3353500F48BE5 /* OnboardingList.swift in Sources */ = {isa = PBXBuildFile; fileRef = 295757972BE3353500F48BE5 /* OnboardingList.swift */; };
		2957579C2BE3371E00F48BE5 /* ScaleDownButtonStyle.swift in Sources */ = {isa = PBXBuildFile; fileRef = 2957579B2BE3371E00F48BE5 /* ScaleDownButtonStyle.swift */; };
		F06CACDF2B4557030024E366 /* Localizable.xcstrings in Resources */ = {isa = PBXBuildFile; fileRef = F06CACDE2B4557030024E366 /* Localizable.xcstrings */; };
		F06CACE12B455ADD0024E366 /* InfoPlist.xcstrings in Resources */ = {isa = PBXBuildFile; fileRef = F06CACE02B455ADD0024E366 /* InfoPlist.xcstrings */; };
/* End PBXBuildFile section */

/* Begin PBXFileReference section */
		290610222C1C910800A5B701 /* DateExtension.swift */ = {isa = PBXFileReference; lastKnownFileType = sourcecode.swift; name = DateExtension.swift; path = ../../../../Solver/DateExtension.swift; sourceTree = "<group>"; };
		293C6B0E2A95128500A63324 /* DayCounter.app */ = {isa = PBXFileReference; explicitFileType = wrapper.application; includeInIndex = 0; path = DayCounter.app; sourceTree = BUILT_PRODUCTS_DIR; };
		293C6B112A95128500A63324 /* DayCounterApp.swift */ = {isa = PBXFileReference; lastKnownFileType = sourcecode.swift; path = DayCounterApp.swift; sourceTree = "<group>"; };
		293C6B132A95128500A63324 /* ContentView.swift */ = {isa = PBXFileReference; lastKnownFileType = sourcecode.swift; path = ContentView.swift; sourceTree = "<group>"; };
		293C6B152A95128600A63324 /* Assets.xcassets */ = {isa = PBXFileReference; lastKnownFileType = folder.assetcatalog; path = Assets.xcassets; sourceTree = "<group>"; };
		293C6B1F2A9512D700A63324 /* README.md */ = {isa = PBXFileReference; fileEncoding = 4; lastKnownFileType = net.daringfireball.markdown; path = README.md; sourceTree = SOURCE_ROOT; };
		293C6B222A9515DB00A63324 /* Haptic.swift */ = {isa = PBXFileReference; lastKnownFileType = sourcecode.swift; path = Haptic.swift; sourceTree = "<group>"; };
		293C6B252A9516D200A63324 /* EventModel.swift */ = {isa = PBXFileReference; lastKnownFileType = sourcecode.swift; path = EventModel.swift; sourceTree = "<group>"; };
		293C6B282A9517B200A63324 /* OnboardingView.swift */ = {isa = PBXFileReference; lastKnownFileType = sourcecode.swift; path = OnboardingView.swift; sourceTree = "<group>"; };
		293C6B2B2A9517E900A63324 /* StartButton.swift */ = {isa = PBXFileReference; lastKnownFileType = sourcecode.swift; path = StartButton.swift; sourceTree = "<group>"; };
		293C6B312A951B9600A63324 /* EventListView.swift */ = {isa = PBXFileReference; lastKnownFileType = sourcecode.swift; path = EventListView.swift; sourceTree = "<group>"; };
		293C6B332A951BEF00A63324 /* AddEventView.swift */ = {isa = PBXFileReference; lastKnownFileType = sourcecode.swift; path = AddEventView.swift; sourceTree = "<group>"; };
		293C6B352A951C4B00A63324 /* EditEventView.swift */ = {isa = PBXFileReference; lastKnownFileType = sourcecode.swift; path = EditEventView.swift; sourceTree = "<group>"; };
		293C6B372A951C9800A63324 /* EventCard.swift */ = {isa = PBXFileReference; lastKnownFileType = sourcecode.swift; path = EventCard.swift; sourceTree = "<group>"; };
		293C6B3B2A952B7600A63324 /* Info.plist */ = {isa = PBXFileReference; lastKnownFileType = text.plist.xml; path = Info.plist; sourceTree = "<group>"; };
		2946849D2B56F458003DDF79 /* Font+Extension.swift */ = {isa = PBXFileReference; lastKnownFileType = sourcecode.swift; path = "Font+Extension.swift"; sourceTree = "<group>"; };
		2946849F2B56F5A4003DDF79 /* TossFaceFontMac.ttf */ = {isa = PBXFileReference; lastKnownFileType = file; path = TossFaceFontMac.ttf; sourceTree = "<group>"; };
		29560A2E2B491BC600218982 /* .swiftlint.yml */ = {isa = PBXFileReference; lastKnownFileType = text.yaml; path = .swiftlint.yml; sourceTree = "<group>"; };
		295757972BE3353500F48BE5 /* OnboardingList.swift */ = {isa = PBXFileReference; lastKnownFileType = sourcecode.swift; path = OnboardingList.swift; sourceTree = "<group>"; };
		2957579B2BE3371E00F48BE5 /* ScaleDownButtonStyle.swift */ = {isa = PBXFileReference; lastKnownFileType = sourcecode.swift; path = ScaleDownButtonStyle.swift; sourceTree = "<group>"; };
		F06CACDE2B4557030024E366 /* Localizable.xcstrings */ = {isa = PBXFileReference; lastKnownFileType = text.json.xcstrings; path = Localizable.xcstrings; sourceTree = "<group>"; };
		F06CACE02B455ADD0024E366 /* InfoPlist.xcstrings */ = {isa = PBXFileReference; lastKnownFileType = text.json.xcstrings; path = InfoPlist.xcstrings; sourceTree = "<group>"; };
/* End PBXFileReference section */

/* Begin PBXFrameworksBuildPhase section */
		293C6B0B2A95128500A63324 /* Frameworks */ = {
			isa = PBXFrameworksBuildPhase;
			buildActionMask = 2147483647;
			files = (
			);
			runOnlyForDeploymentPostprocessing = 0;
		};
/* End PBXFrameworksBuildPhase section */

/* Begin PBXGroup section */
		290610212C1C90F500A5B701 /* Extension */ = {
			isa = PBXGroup;
			children = (
				290610222C1C910800A5B701 /* DateExtension.swift */,
			);
			path = Extension;
			sourceTree = "<group>";
		};
		293C6B052A95128500A63324 = {
			isa = PBXGroup;
			children = (
				293C6B1F2A9512D700A63324 /* README.md */,
				29560A2E2B491BC600218982 /* .swiftlint.yml */,
				293C6B102A95128500A63324 /* DayCounter */,
				293C6B0F2A95128500A63324 /* Products */,
			);
			sourceTree = "<group>";
		};
		293C6B0F2A95128500A63324 /* Products */ = {
			isa = PBXGroup;
			children = (
				293C6B0E2A95128500A63324 /* DayCounter.app */,
			);
			name = Products;
			sourceTree = "<group>";
		};
		293C6B102A95128500A63324 /* DayCounter */ = {
			isa = PBXGroup;
			children = (
				295757952BE3323B00F48BE5 /* App */,
				293C6B272A9517A000A63324 /* View */,
				293C6B242A9516AC00A63324 /* Model */,
				293C6B212A9514E200A63324 /* Utility */,
				295757942BE3318F00F48BE5 /* Resource */,
			);
			path = DayCounter;
			sourceTree = "<group>";
		};
		293C6B212A9514E200A63324 /* Utility */ = {
			isa = PBXGroup;
			children = (
				290610212C1C90F500A5B701 /* Extension */,
				2957579A2BE3371200F48BE5 /* ButtonStyle */,
				293C6B222A9515DB00A63324 /* Haptic.swift */,
			);
			path = Utility;
			sourceTree = "<group>";
		};
		293C6B242A9516AC00A63324 /* Model */ = {
			isa = PBXGroup;
			children = (
				293C6B252A9516D200A63324 /* EventModel.swift */,
			);
			path = Model;
			sourceTree = "<group>";
		};
		293C6B272A9517A000A63324 /* View */ = {
			isa = PBXGroup;
			children = (
				293C6B132A95128500A63324 /* ContentView.swift */,
				293C6B282A9517B200A63324 /* OnboardingView.swift */,
				293C6B312A951B9600A63324 /* EventListView.swift */,
				293C6B332A951BEF00A63324 /* AddEventView.swift */,
				293C6B352A951C4B00A63324 /* EditEventView.swift */,
				293C6B2A2A9517D700A63324 /* Component */,
			);
			path = View;
			sourceTree = "<group>";
		};
		293C6B2A2A9517D700A63324 /* Component */ = {
			isa = PBXGroup;
			children = (
				295757972BE3353500F48BE5 /* OnboardingList.swift */,
				293C6B372A951C9800A63324 /* EventCard.swift */,
				293C6B2B2A9517E900A63324 /* StartButton.swift */,
			);
			path = Component;
			sourceTree = "<group>";
		};
		2946849B2B56F3D9003DDF79 /* Font */ = {
			isa = PBXGroup;
			children = (
				2946849F2B56F5A4003DDF79 /* TossFaceFontMac.ttf */,
				2946849D2B56F458003DDF79 /* Font+Extension.swift */,
			);
			path = Font;
			sourceTree = "<group>";
		};
		295757942BE3318F00F48BE5 /* Resource */ = {
			isa = PBXGroup;
			children = (
				2946849B2B56F3D9003DDF79 /* Font */,
				293C6B152A95128600A63324 /* Assets.xcassets */,
			);
			path = Resource;
			sourceTree = "<group>";
		};
		295757952BE3323B00F48BE5 /* App */ = {
			isa = PBXGroup;
			children = (
				293C6B112A95128500A63324 /* DayCounterApp.swift */,
				293C6B3B2A952B7600A63324 /* Info.plist */,
				295757962BE3326800F48BE5 /* Localization */,
			);
			path = App;
			sourceTree = "<group>";
		};
		295757962BE3326800F48BE5 /* Localization */ = {
			isa = PBXGroup;
			children = (
				F06CACDE2B4557030024E366 /* Localizable.xcstrings */,
				F06CACE02B455ADD0024E366 /* InfoPlist.xcstrings */,
			);
			path = Localization;
			sourceTree = "<group>";
		};
		2957579A2BE3371200F48BE5 /* ButtonStyle */ = {
			isa = PBXGroup;
			children = (
				2957579B2BE3371E00F48BE5 /* ScaleDownButtonStyle.swift */,
			);
			path = ButtonStyle;
			sourceTree = "<group>";
		};
/* End PBXGroup section */

/* Begin PBXNativeTarget section */
		293C6B0D2A95128500A63324 /* DayCounter */ = {
			isa = PBXNativeTarget;
			buildConfigurationList = 293C6B1C2A95128600A63324 /* Build configuration list for PBXNativeTarget "DayCounter" */;
			buildPhases = (
				29560A2D2B491ADF00218982 /* SwiftLint */,
				293C6B0A2A95128500A63324 /* Sources */,
				293C6B0B2A95128500A63324 /* Frameworks */,
				293C6B0C2A95128500A63324 /* Resources */,
			);
			buildRules = (
			);
			dependencies = (
			);
			name = DayCounter;
			productName = DayCounter;
			productReference = 293C6B0E2A95128500A63324 /* DayCounter.app */;
			productType = "com.apple.product-type.application";
		};
/* End PBXNativeTarget section */

/* Begin PBXProject section */
		293C6B062A95128500A63324 /* Project object */ = {
			isa = PBXProject;
			attributes = {
				BuildIndependentTargetsInParallel = 1;
				LastSwiftUpdateCheck = 1430;
				LastUpgradeCheck = 1510;
				TargetAttributes = {
					293C6B0D2A95128500A63324 = {
						CreatedOnToolsVersion = 14.3.1;
					};
				};
			};
			buildConfigurationList = 293C6B092A95128500A63324 /* Build configuration list for PBXProject "DayCounter" */;
			compatibilityVersion = "Xcode 14.0";
			developmentRegion = ko;
			hasScannedForEncodings = 0;
			knownRegions = (
				en,
				Base,
				ko,
			);
			mainGroup = 293C6B052A95128500A63324;
			productRefGroup = 293C6B0F2A95128500A63324 /* Products */;
			projectDirPath = "";
			projectRoot = "";
			targets = (
				293C6B0D2A95128500A63324 /* DayCounter */,
			);
		};
/* End PBXProject section */

/* Begin PBXResourcesBuildPhase section */
		293C6B0C2A95128500A63324 /* Resources */ = {
			isa = PBXResourcesBuildPhase;
			buildActionMask = 2147483647;
			files = (
				29560A2F2B491BC600218982 /* .swiftlint.yml in Resources */,
				294684A02B56F653003DDF79 /* TossFaceFontMac.ttf in Resources */,
				293C6B202A9512D700A63324 /* README.md in Resources */,
				F06CACE12B455ADD0024E366 /* InfoPlist.xcstrings in Resources */,
				F06CACDF2B4557030024E366 /* Localizable.xcstrings in Resources */,
				293C6B162A95128600A63324 /* Assets.xcassets in Resources */,
			);
			runOnlyForDeploymentPostprocessing = 0;
		};
/* End PBXResourcesBuildPhase section */

/* Begin PBXShellScriptBuildPhase section */
		29560A2D2B491ADF00218982 /* SwiftLint */ = {
			isa = PBXShellScriptBuildPhase;
			alwaysOutOfDate = 1;
			buildActionMask = 2147483647;
			files = (
			);
			inputFileListPaths = (
			);
			inputPaths = (
			);
			name = SwiftLint;
			outputFileListPaths = (
			);
			outputPaths = (
			);
			runOnlyForDeploymentPostprocessing = 0;
			shellPath = /bin/sh;
			shellScript = "if [[ \"$(uname -m)\" == arm64 ]]; then\n    export PATH=\"/opt/homebrew/bin:$PATH\"\nfi\n\nif which swiftlint > /dev/null; then\n  swiftlint\nelse\n  echo \"warning: SwiftLint not installed, download from https://github.com/realm/SwiftLint\"\nfi\n";
		};
/* End PBXShellScriptBuildPhase section */

/* Begin PBXSourcesBuildPhase section */
		293C6B0A2A95128500A63324 /* Sources */ = {
			isa = PBXSourcesBuildPhase;
			buildActionMask = 2147483647;
			files = (
				293C6B142A95128500A63324 /* ContentView.swift in Sources */,
				293C6B322A951B9600A63324 /* EventListView.swift in Sources */,
				295757982BE3353500F48BE5 /* OnboardingList.swift in Sources */,
				290610232C1C910800A5B701 /* DateExtension.swift in Sources */,
				293C6B342A951BEF00A63324 /* AddEventView.swift in Sources */,
				293C6B122A95128500A63324 /* DayCounterApp.swift in Sources */,
				293C6B2C2A9517E900A63324 /* StartButton.swift in Sources */,
				2946849E2B56F458003DDF79 /* Font+Extension.swift in Sources */,
				293C6B362A951C4B00A63324 /* EditEventView.swift in Sources */,
				293C6B262A9516D200A63324 /* EventModel.swift in Sources */,
				293C6B292A9517B200A63324 /* OnboardingView.swift in Sources */,
				293C6B232A9515DB00A63324 /* Haptic.swift in Sources */,
				293C6B382A951C9800A63324 /* EventCard.swift in Sources */,
				2957579C2BE3371E00F48BE5 /* ScaleDownButtonStyle.swift in Sources */,
			);
			runOnlyForDeploymentPostprocessing = 0;
		};
/* End PBXSourcesBuildPhase section */

/* Begin XCBuildConfiguration section */
		293C6B1A2A95128600A63324 /* Debug */ = {
			isa = XCBuildConfiguration;
			buildSettings = {
				ALWAYS_SEARCH_USER_PATHS = NO;
				ASSETCATALOG_COMPILER_GENERATE_SWIFT_ASSET_SYMBOL_EXTENSIONS = YES;
				CLANG_ANALYZER_LOCALIZABILITY_NONLOCALIZED = YES;
				CLANG_ANALYZER_NONNULL = YES;
				CLANG_ANALYZER_NUMBER_OBJECT_CONVERSION = YES_AGGRESSIVE;
				CLANG_CXX_LANGUAGE_STANDARD = "gnu++20";
				CLANG_ENABLE_MODULES = YES;
				CLANG_ENABLE_OBJC_ARC = YES;
				CLANG_ENABLE_OBJC_WEAK = YES;
				CLANG_WARN_BLOCK_CAPTURE_AUTORELEASING = YES;
				CLANG_WARN_BOOL_CONVERSION = YES;
				CLANG_WARN_COMMA = YES;
				CLANG_WARN_CONSTANT_CONVERSION = YES;
				CLANG_WARN_DEPRECATED_OBJC_IMPLEMENTATIONS = YES;
				CLANG_WARN_DIRECT_OBJC_ISA_USAGE = YES_ERROR;
				CLANG_WARN_DOCUMENTATION_COMMENTS = YES;
				CLANG_WARN_EMPTY_BODY = YES;
				CLANG_WARN_ENUM_CONVERSION = YES;
				CLANG_WARN_INFINITE_RECURSION = YES;
				CLANG_WARN_INT_CONVERSION = YES;
				CLANG_WARN_NON_LITERAL_NULL_CONVERSION = YES;
				CLANG_WARN_OBJC_IMPLICIT_RETAIN_SELF = YES;
				CLANG_WARN_OBJC_LITERAL_CONVERSION = YES;
				CLANG_WARN_OBJC_ROOT_CLASS = YES_ERROR;
				CLANG_WARN_QUOTED_INCLUDE_IN_FRAMEWORK_HEADER = YES;
				CLANG_WARN_RANGE_LOOP_ANALYSIS = YES;
				CLANG_WARN_STRICT_PROTOTYPES = YES;
				CLANG_WARN_SUSPICIOUS_MOVE = YES;
				CLANG_WARN_UNGUARDED_AVAILABILITY = YES_AGGRESSIVE;
				CLANG_WARN_UNREACHABLE_CODE = YES;
				CLANG_WARN__DUPLICATE_METHOD_MATCH = YES;
				COPY_PHASE_STRIP = NO;
				DEBUG_INFORMATION_FORMAT = dwarf;
				ENABLE_APP_SANDBOX = NO;
				ENABLE_STRICT_OBJC_MSGSEND = YES;
				ENABLE_TESTABILITY = YES;
				ENABLE_USER_SCRIPT_SANDBOXING = NO;
				GCC_C_LANGUAGE_STANDARD = gnu11;
				GCC_DYNAMIC_NO_PIC = NO;
				GCC_NO_COMMON_BLOCKS = YES;
				GCC_OPTIMIZATION_LEVEL = 0;
				GCC_PREPROCESSOR_DEFINITIONS = (
					"DEBUG=1",
					"$(inherited)",
				);
				GCC_WARN_64_TO_32_BIT_CONVERSION = YES;
				GCC_WARN_ABOUT_RETURN_TYPE = YES_ERROR;
				GCC_WARN_UNDECLARED_SELECTOR = YES;
				GCC_WARN_UNINITIALIZED_AUTOS = YES_AGGRESSIVE;
				GCC_WARN_UNUSED_FUNCTION = YES;
				GCC_WARN_UNUSED_VARIABLE = YES;
				IPHONEOS_DEPLOYMENT_TARGET = 17.0;
				MTL_ENABLE_DEBUG_INFO = INCLUDE_SOURCE;
				MTL_FAST_MATH = YES;
				ONLY_ACTIVE_ARCH = YES;
				SDKROOT = iphoneos;
				SWIFT_ACTIVE_COMPILATION_CONDITIONS = DEBUG;
				SWIFT_EMIT_LOC_STRINGS = YES;
				SWIFT_OPTIMIZATION_LEVEL = "-Onone";
			};
			name = Debug;
		};
		293C6B1B2A95128600A63324 /* Release */ = {
			isa = XCBuildConfiguration;
			buildSettings = {
				ALWAYS_SEARCH_USER_PATHS = NO;
				ASSETCATALOG_COMPILER_GENERATE_SWIFT_ASSET_SYMBOL_EXTENSIONS = YES;
				CLANG_ANALYZER_LOCALIZABILITY_NONLOCALIZED = YES;
				CLANG_ANALYZER_NONNULL = YES;
				CLANG_ANALYZER_NUMBER_OBJECT_CONVERSION = YES_AGGRESSIVE;
				CLANG_CXX_LANGUAGE_STANDARD = "gnu++20";
				CLANG_ENABLE_MODULES = YES;
				CLANG_ENABLE_OBJC_ARC = YES;
				CLANG_ENABLE_OBJC_WEAK = YES;
				CLANG_WARN_BLOCK_CAPTURE_AUTORELEASING = YES;
				CLANG_WARN_BOOL_CONVERSION = YES;
				CLANG_WARN_COMMA = YES;
				CLANG_WARN_CONSTANT_CONVERSION = YES;
				CLANG_WARN_DEPRECATED_OBJC_IMPLEMENTATIONS = YES;
				CLANG_WARN_DIRECT_OBJC_ISA_USAGE = YES_ERROR;
				CLANG_WARN_DOCUMENTATION_COMMENTS = YES;
				CLANG_WARN_EMPTY_BODY = YES;
				CLANG_WARN_ENUM_CONVERSION = YES;
				CLANG_WARN_INFINITE_RECURSION = YES;
				CLANG_WARN_INT_CONVERSION = YES;
				CLANG_WARN_NON_LITERAL_NULL_CONVERSION = YES;
				CLANG_WARN_OBJC_IMPLICIT_RETAIN_SELF = YES;
				CLANG_WARN_OBJC_LITERAL_CONVERSION = YES;
				CLANG_WARN_OBJC_ROOT_CLASS = YES_ERROR;
				CLANG_WARN_QUOTED_INCLUDE_IN_FRAMEWORK_HEADER = YES;
				CLANG_WARN_RANGE_LOOP_ANALYSIS = YES;
				CLANG_WARN_STRICT_PROTOTYPES = YES;
				CLANG_WARN_SUSPICIOUS_MOVE = YES;
				CLANG_WARN_UNGUARDED_AVAILABILITY = YES_AGGRESSIVE;
				CLANG_WARN_UNREACHABLE_CODE = YES;
				CLANG_WARN__DUPLICATE_METHOD_MATCH = YES;
				COPY_PHASE_STRIP = NO;
				DEBUG_INFORMATION_FORMAT = "dwarf-with-dsym";
				ENABLE_APP_SANDBOX = NO;
				ENABLE_NS_ASSERTIONS = NO;
				ENABLE_STRICT_OBJC_MSGSEND = YES;
				ENABLE_USER_SCRIPT_SANDBOXING = NO;
				GCC_C_LANGUAGE_STANDARD = gnu11;
				GCC_NO_COMMON_BLOCKS = YES;
				GCC_WARN_64_TO_32_BIT_CONVERSION = YES;
				GCC_WARN_ABOUT_RETURN_TYPE = YES_ERROR;
				GCC_WARN_UNDECLARED_SELECTOR = YES;
				GCC_WARN_UNINITIALIZED_AUTOS = YES_AGGRESSIVE;
				GCC_WARN_UNUSED_FUNCTION = YES;
				GCC_WARN_UNUSED_VARIABLE = YES;
				IPHONEOS_DEPLOYMENT_TARGET = 17.0;
				MTL_ENABLE_DEBUG_INFO = NO;
				MTL_FAST_MATH = YES;
				SDKROOT = iphoneos;
				SWIFT_COMPILATION_MODE = wholemodule;
				SWIFT_EMIT_LOC_STRINGS = YES;
				SWIFT_OPTIMIZATION_LEVEL = "-O";
				VALIDATE_PRODUCT = YES;
			};
			name = Release;
		};
		293C6B1D2A95128600A63324 /* Debug */ = {
			isa = XCBuildConfiguration;
			buildSettings = {
				ASSETCATALOG_COMPILER_APPICON_NAME = AppIcon;
				ASSETCATALOG_COMPILER_GLOBAL_ACCENT_COLOR_NAME = AccentColor;
				CODE_SIGN_STYLE = Automatic;
				CURRENT_PROJECT_VERSION = 1;
				DEVELOPMENT_ASSET_PATHS = "";
				DEVELOPMENT_TEAM = 77745NX67K;
				ENABLE_PREVIEWS = YES;
				GENERATE_INFOPLIST_FILE = YES;
				INFOPLIST_FILE = DayCounter/App/Info.plist;
				INFOPLIST_KEY_CFBundleDisplayName = "데이카운터";
				INFOPLIST_KEY_LSApplicationCategoryType = "public.app-category.lifestyle";
				INFOPLIST_KEY_UIApplicationSceneManifest_Generation = YES;
				INFOPLIST_KEY_UIApplicationSupportsIndirectInputEvents = YES;
				INFOPLIST_KEY_UISupportedInterfaceOrientations_iPad = "UIInterfaceOrientationPortrait UIInterfaceOrientationPortraitUpsideDown UIInterfaceOrientationLandscapeLeft UIInterfaceOrientationLandscapeRight";
				INFOPLIST_KEY_UISupportedInterfaceOrientations_iPhone = "UIInterfaceOrientationPortrait UIInterfaceOrientationLandscapeLeft UIInterfaceOrientationLandscapeRight";
				IPHONEOS_DEPLOYMENT_TARGET = 17.0;
				LD_RUNPATH_SEARCH_PATHS = (
					"$(inherited)",
					"@executable_path/Frameworks",
				);
				MARKETING_VERSION = 1.5;
				PRODUCT_BUNDLE_IDENTIFIER = DayCounter;
				PRODUCT_NAME = "$(TARGET_NAME)";
				SWIFT_EMIT_LOC_STRINGS = YES;
				SWIFT_VERSION = 5.0;
				TARGETED_DEVICE_FAMILY = "1,2";
			};
			name = Debug;
		};
		293C6B1E2A95128600A63324 /* Release */ = {
			isa = XCBuildConfiguration;
			buildSettings = {
				ASSETCATALOG_COMPILER_APPICON_NAME = AppIcon;
				ASSETCATALOG_COMPILER_GLOBAL_ACCENT_COLOR_NAME = AccentColor;
				CODE_SIGN_STYLE = Automatic;
				CURRENT_PROJECT_VERSION = 1;
				DEVELOPMENT_ASSET_PATHS = "";
				DEVELOPMENT_TEAM = 77745NX67K;
				ENABLE_PREVIEWS = YES;
				GENERATE_INFOPLIST_FILE = YES;
				INFOPLIST_FILE = DayCounter/App/Info.plist;
				INFOPLIST_KEY_CFBundleDisplayName = "데이카운터";
				INFOPLIST_KEY_LSApplicationCategoryType = "public.app-category.lifestyle";
				INFOPLIST_KEY_UIApplicationSceneManifest_Generation = YES;
				INFOPLIST_KEY_UIApplicationSupportsIndirectInputEvents = YES;
				INFOPLIST_KEY_UISupportedInterfaceOrientations_iPad = "UIInterfaceOrientationPortrait UIInterfaceOrientationPortraitUpsideDown UIInterfaceOrientationLandscapeLeft UIInterfaceOrientationLandscapeRight";
				INFOPLIST_KEY_UISupportedInterfaceOrientations_iPhone = "UIInterfaceOrientationPortrait UIInterfaceOrientationLandscapeLeft UIInterfaceOrientationLandscapeRight";
				IPHONEOS_DEPLOYMENT_TARGET = 17.0;
				LD_RUNPATH_SEARCH_PATHS = (
					"$(inherited)",
					"@executable_path/Frameworks",
				);
				MARKETING_VERSION = 1.5;
				PRODUCT_BUNDLE_IDENTIFIER = DayCounter;
				PRODUCT_NAME = "$(TARGET_NAME)";
				SWIFT_EMIT_LOC_STRINGS = YES;
				SWIFT_VERSION = 5.0;
				TARGETED_DEVICE_FAMILY = "1,2";
			};
			name = Release;
		};
/* End XCBuildConfiguration section */

/* Begin XCConfigurationList section */
		293C6B092A95128500A63324 /* Build configuration list for PBXProject "DayCounter" */ = {
			isa = XCConfigurationList;
			buildConfigurations = (
				293C6B1A2A95128600A63324 /* Debug */,
				293C6B1B2A95128600A63324 /* Release */,
			);
			defaultConfigurationIsVisible = 0;
			defaultConfigurationName = Release;
		};
		293C6B1C2A95128600A63324 /* Build configuration list for PBXNativeTarget "DayCounter" */ = {
			isa = XCConfigurationList;
			buildConfigurations = (
				293C6B1D2A95128600A63324 /* Debug */,
				293C6B1E2A95128600A63324 /* Release */,
			);
			defaultConfigurationIsVisible = 0;
			defaultConfigurationName = Release;
		};
/* End XCConfigurationList section */
	};
	rootObject = 293C6B062A95128500A63324 /* Project object */;
}
